# This file is autogenerated, do not edit; changes may be undone by the next 'dep ensure'.


[[projects]]
  branch = "master"
  name = "github.com/pquerna/ffjson"
  packages = ["ffjson","fflib/v1","fflib/v1/internal"]
  revision = "d49c2bc1aa135aad0c6f4fc2056623ec78f5d5ac"

[solve-meta]
  analyzer-name = "dep"
  analyzer-version = 1
  inputs-digest = "9fee8776e398f654975b8f1aee700662b6cf08f8a2d656f807e98e9f744f4a9a"
  solver-name = "gps-cdcl"
  solver-version = 1
